
Microsoft Visual Studio Solution File, Format Version 12.00
# Visual Studio Version 17
VisualStudioVersion = 17.7.34202.233
MinimumVisualStudioVersion = 10.0.40219.1
Project("{9A19103F-16F7-4668-BE54-9A1E7A4F7556}") = "Mdaresna", "Mdaresna\Mdaresna.csproj", "{70C153DE-50E0-4334-BF37-E7FF5BBEEE8A}"
	ProjectSection(ProjectDependencies) = postProject
		{4E8EE933-EEBD-4180-B951-1EB2B1BCD5E7} = {4E8EE933-EEBD-4180-B951-1EB2B1BCD5E7}
		{5FE80E77-50A4-4BF8-8A90-72ED4863BEAE} = {5FE80E77-50A4-4BF8-8A90-72ED4863BEAE}
	EndProjectSection
EndProject
Project("{9A19103F-16F7-4668-BE54-9A1E7A4F7556}") = "Mdaresna.Doamin", "Mdaresna.Doamin\Mdaresna.Doamin.csproj", "{4E8EE933-EEBD-4180-B951-1EB2B1BCD5E7}"
EndProject
Project("{9A19103F-16F7-4668-BE54-9A1E7A4F7556}") = "Mdaresna.Repository", "Mdaresna.Repository\Mdaresna.Repository.csproj", "{896B95E8-ABB9-44D5-A4C5-AEA6CDBAFA85}"
EndProject
Project("{9A19103F-16F7-4668-BE54-9A1E7A4F7556}") = "Mdaresna.Infrastructure", "Mdaresna.Infrastructure\Mdaresna.Infrastructure.csproj", "{5FE80E77-50A4-4BF8-8A90-72ED4863BEAE}"
	ProjectSection(ProjectDependencies) = postProject
		{4E8EE933-EEBD-4180-B951-1EB2B1BCD5E7} = {4E8EE933-EEBD-4180-B951-1EB2B1BCD5E7}
		{896B95E8-ABB9-44D5-A4C5-AEA6CDBAFA85} = {896B95E8-ABB9-44D5-A4C5-AEA6CDBAFA85}
	EndProjectSection
EndProject
Global
	GlobalSection(SolutionConfigurationPlatforms) = preSolution
		Debug|Any CPU = Debug|Any CPU
		Release|Any CPU = Release|Any CPU
	EndGlobalSection
	GlobalSection(ProjectConfigurationPlatforms) = postSolution
		{70C153DE-50E0-4334-BF37-E7FF5BBEEE8A}.Debug|Any CPU.ActiveCfg = Debug|Any CPU
		{70C153DE-50E0-4334-BF37-E7FF5BBEEE8A}.Debug|Any CPU.Build.0 = Debug|Any CPU
		{70C153DE-50E0-4334-BF37-E7FF5BBEEE8A}.Release|Any CPU.ActiveCfg = Release|Any CPU
		{70C153DE-50E0-4334-BF37-E7FF5BBEEE8A}.Release|Any CPU.Build.0 = Release|Any CPU
		{4E8EE933-EEBD-4180-B951-1EB2B1BCD5E7}.Debug|Any CPU.ActiveCfg = Debug|Any CPU
		{4E8EE933-EEBD-4180-B951-1EB2B1BCD5E7}.Debug|Any CPU.Build.0 = Debug|Any CPU
		{4E8EE933-EEBD-4180-B951-1EB2B1BCD5E7}.Release|Any CPU.ActiveCfg = Release|Any CPU
		{4E8EE933-EEBD-4180-B951-1EB2B1BCD5E7}.Release|Any CPU.Build.0 = Release|Any CPU
		{896B95E8-ABB9-44D5-A4C5-AEA6CDBAFA85}.Debug|Any CPU.ActiveCfg = Debug|Any CPU
		{896B95E8-ABB9-44D5-A4C5-AEA6CDBAFA85}.Debug|Any CPU.Build.0 = Debug|Any CPU
		{896B95E8-ABB9-44D5-A4C5-AEA6CDBAFA85}.Release|Any CPU.ActiveCfg = Release|Any CPU
		{896B95E8-ABB9-44D5-A4C5-AEA6CDBAFA85}.Release|Any CPU.Build.0 = Release|Any CPU
		{5FE80E77-50A4-4BF8-8A90-72ED4863BEAE}.Debug|Any CPU.ActiveCfg = Debug|Any CPU
		{5FE80E77-50A4-4BF8-8A90-72ED4863BEAE}.Debug|Any CPU.Build.0 = Debug|Any CPU
		{5FE80E77-50A4-4BF8-8A90-72ED4863BEAE}.Release|Any CPU.ActiveCfg = Release|Any CPU
		{5FE80E77-50A4-4BF8-8A90-72ED4863BEAE}.Release|Any CPU.Build.0 = Release|Any CPU
	EndGlobalSection
	GlobalSection(SolutionProperties) = preSolution
		HideSolutionNode = FALSE
	EndGlobalSection
	GlobalSection(ExtensibilityGlobals) = postSolution
		SolutionGuid = {BF92BD55-51F2-473B-B56E-6A7D40A08592}
	EndGlobalSection
EndGlobal
